
Microsoft Visual Studio Solution File, Format Version 12.00
# Visual Studio Version 16
VisualStudioVersion = 16.0.30907.101
MinimumVisualStudioVersion = 10.0.40219.1
Project("{FAE04EC0-301F-11D3-BF4B-00C04F79EFBC}") = "T24_API_NET_Core_2", "T24_API_NET_Core_2\T24_API_NET_Core_2.csproj", "{49AB42EF-B0B1-4268-AF7A-EE6F1E3DD0A4}"
EndProject
Global
	GlobalSection(SolutionConfigurationPlatforms) = preSolution
		Debug|Any CPU = Debug|Any CPU
		Release|Any CPU = Release|Any CPU
	EndGlobalSection
	GlobalSection(ProjectConfigurationPlatforms) = postSolution
		{49AB42EF-B0B1-4268-AF7A-EE6F1E3DD0A4}.Debug|Any CPU.ActiveCfg = Debug|Any CPU
		{49AB42EF-B0B1-4268-AF7A-EE6F1E3DD0A4}.Debug|Any CPU.Build.0 = Debug|Any CPU
		{49AB42EF-B0B1-4268-AF7A-EE6F1E3DD0A4}.Release|Any CPU.ActiveCfg = Release|Any CPU
		{49AB42EF-B0B1-4268-AF7A-EE6F1E3DD0A4}.Release|Any CPU.Build.0 = Release|Any CPU
	EndGlobalSection
	GlobalSection(SolutionProperties) = preSolution
		HideSolutionNode = FALSE
	EndGlobalSection
	GlobalSection(ExtensibilityGlobals) = postSolution
		SolutionGuid = {7F96E6CB-B26E-43FE-A4B1-4FB159B5092B}
	EndGlobalSection
EndGlobal
